{
    "version": 3,
    "terraform_version": "0.11.13",
    "serial": 11,
    "lineage": "a02c667e-b2ad-4fd0-3972-742f42192ab4",
    "modules": [
        {
            "path": [
                "root"
            ],
            "outputs": {},
            "resources": {
                "aws_vpc.main": {
                    "type": "aws_vpc",
                    "depends_on": [],
                    "primary": {
                        "id": "vpc-05a54edfafd93cfdf",
                        "attributes": {
                            "arn": "arn:aws:ec2:us-east-1:305994030131:vpc/vpc-05a54edfafd93cfdf",
                            "assign_generated_ipv6_cidr_block": "false",
                            "cidr_block": "10.0.0.0/16",
                            "default_network_acl_id": "acl-02b2898450f602304",
                            "default_route_table_id": "rtb-08db5fd00ef537f8c",
                            "default_security_group_id": "sg-06fd9f4d10c7d0b37",
                            "dhcp_options_id": "dopt-e05c399a",
                            "enable_classiclink": "false",
                            "enable_classiclink_dns_support": "false",
                            "enable_dns_hostnames": "false",
                            "enable_dns_support": "true",
                            "id": "vpc-05a54edfafd93cfdf",
                            "instance_tenancy": "default",
                            "ipv6_association_id": "",
                            "ipv6_cidr_block": "",
                            "main_route_table_id": "rtb-08db5fd00ef537f8c",
                            "owner_id": "305994030131",
                            "tags.%": "0"
                        },
                        "meta": {
                            "schema_version": "1"
                        },
                        "tainted": false
                    },
                    "deposed": [],
                    "provider": "provider.aws"
                }
            },
            "depends_on": []
        }
    ]
}
